
Microsoft Visual Studio Solution File, Format Version 12.00
# Visual Studio Version 16
VisualStudioVersion = 16.0.31624.102
MinimumVisualStudioVersion = 10.0.40219.1
Project("{FAE04EC0-301F-11D3-BF4B-00C04F79EFBC}") = "Balloon pop arcade game MOO ICT", "Balloon pop arcade game MOO ICT\Balloon pop arcade game MOO ICT.csproj", "{3F24347C-7131-4FA3-95D9-442A9EDA0953}"
EndProject
Global
	GlobalSection(SolutionConfigurationPlatforms) = preSolution
		Debug|Any CPU = Debug|Any CPU
		Release|Any CPU = Release|Any CPU
	EndGlobalSection
	GlobalSection(ProjectConfigurationPlatforms) = postSolution
		{3F24347C-7131-4FA3-95D9-442A9EDA0953}.Debug|Any CPU.ActiveCfg = Debug|Any CPU
		{3F24347C-7131-4FA3-95D9-442A9EDA0953}.Debug|Any CPU.Build.0 = Debug|Any CPU
		{3F24347C-7131-4FA3-95D9-442A9EDA0953}.Release|Any CPU.ActiveCfg = Release|Any CPU
		{3F24347C-7131-4FA3-95D9-442A9EDA0953}.Release|Any CPU.Build.0 = Release|Any CPU
	EndGlobalSection
	GlobalSection(SolutionProperties) = preSolution
		HideSolutionNode = FALSE
	EndGlobalSection
	GlobalSection(ExtensibilityGlobals) = postSolution
		SolutionGuid = {0E3DAA90-326E-4A49-8698-9364B9DBB324}
	EndGlobalSection
EndGlobal
